{
  "version": 1,
  "dependencies": {
    "net10.0": {
      "Microsoft.Data.Sqlite.Core": {
        "type": "Transitive",
        "resolved": "10.0.10",
        "contentHash": "TPCs0ldm7AWqcKmp6f/Xr+14sat7hx4rHfRlS4RgCURBH2thEWbAKEyX7cCWr63zVJVOJIJZTg2cBiUXa8ys6g==",
        "dependencies": {
          "SQLitePCLRaw.core": "2.1.11"
        }
      },
      "Microsoft.EntityFrameworkCore": {
        "type": "Transitive",
        "resolved": "10.0.10",
        "contentHash": "a0V7zj/VbYP6dTdWpUgE/r2PuLKtUGe2aJ0lVKkn/wP9ZhaxUz2kQydVfvOjCv2SKxlrqdBfHhPD4Cvlf+4ffA==",
        "dependencies": {
          "Microsoft.EntityFrameworkCore.Abstractions": "10.0.10",
          "Microsoft.EntityFrameworkCore.Analyzers": "10.0.10"
        }
      },
      "Microsoft.EntityFrameworkCore.Abstractions": {
        "type": "Transitive",
        "resolved": "10.0.10",
        "contentHash": "bOzrFCl6uZCjaSh2bG1ToRQRdx+iXvxosCg9hFyG9OWeAzOFI4xev9OqKeWfKf/kAHyox2JnbcvLVf2ceA7sqA=="
      },
      "Microsoft.EntityFrameworkCore.Analyzers": {
        "type": "Transitive",
        "resolved": "10.0.10",
        "contentHash": "2gLDordUCGf3aNOOuqtTbP5mxhiP9nk6TnvGiE3RnqT891O+Zf/qKu1PIREubs1M16A0SImr4vULBfU5BTDs1Q=="
      },
      "Microsoft.EntityFrameworkCore.Relational": {
        "type": "Transitive",
        "resolved": "10.0.10",
        "contentHash": "wNonj40aZxia+GtuBiiD6ZqVh4h6y5Nje1bGdmzZ8/ui0QRsAN+S0SIrLHFCEGbG9cDbeaE40sh+Lr7o9rRs6g==",
        "dependencies": {
          "Microsoft.EntityFrameworkCore": "10.0.10"
        }
      },
      "Microsoft.EntityFrameworkCore.Sqlite": {
        "type": "Transitive",
        "resolved": "10.0.10",
        "contentHash": "kzg9MuQNJvZQxAU+piSkEzc7/1tpW6n1nVSGGMObu2GgxLK8Nf+6fvZundaznTZ+O2KhfPZ8HFNCzMH3PWDUmA==",
        "dependencies": {
          "Microsoft.EntityFrameworkCore.Sqlite.Core": "10.0.10",
          "Microsoft.Extensions.DependencyModel": "10.0.10",
          "SQLitePCLRaw.bundle_e_sqlite3": "2.1.11",
          "SQLitePCLRaw.core": "2.1.11"
        }
      },
      "Microsoft.EntityFrameworkCore.Sqlite.Core": {
        "type": "Transitive",
        "resolved": "10.0.10",
        "contentHash": "YbVWMIouzwTKBiLms8boa7xeRT88wI14R1msv3XExFk9n0/sa8nU7MwDa1CKtfLGMJs7O7QWuS9/xhcQ72AD2A==",
        "dependencies": {
          "Microsoft.Data.Sqlite.Core": "10.0.10",
          "Microsoft.EntityFrameworkCore.Relational": "10.0.10",
          "Microsoft.Extensions.DependencyModel": "10.0.10",
          "SQLitePCLRaw.core": "2.1.11"
        }
      },
      "Microsoft.Extensions.DependencyModel": {
        "type": "Transitive",
        "resolved": "10.0.10",
        "contentHash": "rfZA1RjR021RPqSmIPovfz2aOd79TGqJ9BengbjnzIISOVwjLmuSDnhCMmiY/1c6iYvGolQ1iNGzkav0u11XEA=="
      },
      "Npgsql": {
        "type": "Transitive",
        "resolved": "10.0.3",
        "contentHash": "7nb5YzXuvWWJxB0J8DiyL3we+X4FOctZrt0fIBnucOIaIevFEEwGQVZKtiu9olXdlNAK1eNgqSral6r/jlhI4w=="
      },
      "Npgsql.EntityFrameworkCore.PostgreSQL": {
        "type": "Transitive",
        "resolved": "10.0.3",
        "contentHash": "IPGrrZnRkuW7OlHDhUESZz4G5DLkW7Nej/O3Cx+0iTsgyU5XJxBgpsvTHLloo3WWuAKKbDHXBvWPVkX1deRh1Q==",
        "dependencies": {
          "Microsoft.EntityFrameworkCore": "[10.0.4, 11.0.0)",
          "Microsoft.EntityFrameworkCore.Relational": "[10.0.4, 11.0.0)",
          "Npgsql": "10.0.3"
        }
      },
      "SQLitePCLRaw.bundle_e_sqlite3": {
        "type": "Transitive",
        "resolved": "2.1.11",
        "contentHash": "DC4nA7yWnf4UZdgJDF+9Mus4/cb0Y3Sfgi3gDnAoKNAIBwzkskNAbNbyu+u4atT0ruVlZNJfwZmwiEwE5oz9LQ==",
        "dependencies": {
          "SQLitePCLRaw.lib.e_sqlite3": "2.1.11",
          "SQLitePCLRaw.provider.e_sqlite3": "2.1.11"
        }
      },
      "SQLitePCLRaw.core": {
        "type": "Transitive",
        "resolved": "2.1.11",
        "contentHash": "PK0GLFkfhZzLQeR3PJf71FmhtHox+U3vcY6ZtswoMjrefkB9k6ErNJEnwXqc5KgXDSjige2XXrezqS39gkpQKA=="
      },
      "SQLitePCLRaw.lib.e_sqlite3": {
        "type": "Transitive",
        "resolved": "2.1.12",
        "contentHash": "fWi8Dbknuhgg72fWinIdjXVaqO1hHL4YBBwVLnr7e1c9TAZwJ0QE38j9syW1hwx6HaqEVTwI+O07WPdZn8Rp0w=="
      },
      "SQLitePCLRaw.provider.e_sqlite3": {
        "type": "Transitive",
        "resolved": "2.1.11",
        "contentHash": "Y/0ZkR+r0Cg3DQFuCl1RBnv/tmxpIZRU3HUvelPw6MVaKHwYYR8YNvgs0vuNuXCMvlyJ+Fh88U1D4tah1tt6qw==",
        "dependencies": {
          "SQLitePCLRaw.core": "2.1.11"
        }
      },
      "vipi.application": {
        "type": "Project",
        "dependencies": {
          "Vipi.AuroraBridge.Contracts": "[1.0.0, )",
          "Vipi.Domain": "[1.0.0, )"
        }
      },
      "vipi.aurorabridge.contracts": {
        "type": "Project"
      },
      "vipi.domain": {
        "type": "Project"
      },
      "vipi.infrastructure": {
        "type": "Project",
        "dependencies": {
          "Microsoft.EntityFrameworkCore.Sqlite": "[10.0.*, )",
          "Npgsql.EntityFrameworkCore.PostgreSQL": "[10.0.*, )",
          "SQLitePCLRaw.lib.e_sqlite3": "[2.1.12, )",
          "Vipi.Application": "[1.0.0, )",
          "Vipi.Domain": "[1.0.0, )"
        }
      },
      "vipi.ui": {
        "type": "Project",
        "dependencies": {
          "Vipi.Application": "[1.0.0, )",
          "Vipi.Domain": "[1.0.0, )"
        }
      }
    },
    "net8.0": {
      "Microsoft.Data.Sqlite.Core": {
        "type": "Transitive",
        "resolved": "8.0.29",
        "contentHash": "B/7Z0la03kNVdmZtgSN/PocA2nsPiVUq56iCh25oW8W31Yzg1ofrMWy79i0DcDOXuHjy7+jlsUlSNytwe9Et5A==",
        "dependencies": {
          "SQLitePCLRaw.core": "2.1.6"
        }
      },
      "Microsoft.EntityFrameworkCore": {
        "type": "Transitive",
        "resolved": "8.0.29",
        "contentHash": "+4Md9S8HcJEkoatsVTiYrF621StlxS8bpnQMSYYbAVRnMGHWLhtlbgqTYdO8+zxuyIqAjiFAYtWr/oJ9KC7X7Q==",
        "dependencies": {
          "Microsoft.EntityFrameworkCore.Abstractions": "8.0.29",
          "Microsoft.EntityFrameworkCore.Analyzers": "8.0.29"
        }
      },
      "Microsoft.EntityFrameworkCore.Abstractions": {
        "type": "Transitive",
        "resolved": "8.0.29",
        "contentHash": "z5JLj2mWCuxnhP7oP9udaHxOK5FQWPpvjXeTmCMjRRCYZ1k+gUlb9Vznx2LHSFXww4ZHjztKbxezNTTu/T6znw=="
      },
      "Microsoft.EntityFrameworkCore.Analyzers": {
        "type": "Transitive",
        "resolved": "8.0.29",
        "contentHash": "rC/q2K3JGSKJpEraRDRJ3NUOH4e+CpwwCIbbKGXi87J6LuGdIg0+yggCSPCmV2PwSSlegZSg+le++O4IBRecLA=="
      },
      "Microsoft.EntityFrameworkCore.Relational": {
        "type": "Transitive",
        "resolved": "8.0.29",
        "contentHash": "2Hr88wB21JLwKhccXYM+7gy9hdtLNM0x5YcQs+Fxa+TYmWqaLof9HxOpgJytR2YOlJKcNM+Ee67GR6bqTXyZBQ==",
        "dependencies": {
          "Microsoft.EntityFrameworkCore": "8.0.29"
        }
      },
      "Microsoft.EntityFrameworkCore.Sqlite": {
        "type": "Transitive",
        "resolved": "8.0.29",
        "contentHash": "SN3TgwTzMj44FGCMG/E0eJ1tD3f/+B8J7QMNZGSm2DcTNkbPy1ro89xbEKdlrMGvFcslup+8Aqf6OHv1Ec3PUA==",
        "dependencies": {
          "Microsoft.EntityFrameworkCore.Sqlite.Core": "8.0.29",
          "SQLitePCLRaw.bundle_e_sqlite3": "2.1.6"
        }
      },
      "Microsoft.EntityFrameworkCore.Sqlite.Core": {
        "type": "Transitive",
        "resolved": "8.0.29",
        "contentHash": "5dnkUxKoJh0v1qk98V76qejcuvocVMk24n1n8sr237+A96ZXB+aGDA1PMysBXGOf1hojOvj6ywgVL2/AGnEo5w==",
        "dependencies": {
          "Microsoft.Data.Sqlite.Core": "8.0.29",
          "Microsoft.EntityFrameworkCore.Relational": "8.0.29",
          "Microsoft.Extensions.DependencyModel": "8.0.2"
        }
      },
      "Microsoft.Extensions.DependencyModel": {
        "type": "Transitive",
        "resolved": "8.0.2",
        "contentHash": "mUBDZZRgZrSyFOsJ2qJJ9fXfqd/kXJwf3AiDoqLD9m6TjY5OO/vLNOb9fb4juC0487eq4hcGN/M2Rh/CKS7QYw=="
      },
      "MySqlConnector": {
        "type": "Transitive",
        "resolved": "2.3.5",
        "contentHash": "AmEfUPkFl+Ev6jJ8Dhns3CYHBfD12RHzGYWuLt6DfG6/af6YvOMyPz74ZPPjBYQGRJkumD2Z48Kqm8s5DJuhLA=="
      },
      "Npgsql": {
        "type": "Transitive",
        "resolved": "8.0.6",
        "contentHash": "KaS6CY5kY2Sd0P00MSeFcOI3t2DiQ4UWG8AuRpVOUeDWITOKfoEEG91DP3cmT6aerixPkjwKgXxnpDxIkDpO6g=="
      },
      "Npgsql.EntityFrameworkCore.PostgreSQL": {
        "type": "Transitive",
        "resolved": "8.0.11",
        "contentHash": "leShR/O/nSIS3Jpj8yUBmkzaXzBbtlV326+MYkX2BwAj2qSNrUv/H6m8G9Hnv2zUkQYccTpmV5jIVq5vdciEUA==",
        "dependencies": {
          "Microsoft.EntityFrameworkCore": "8.0.11",
          "Microsoft.EntityFrameworkCore.Abstractions": "8.0.11",
          "Microsoft.EntityFrameworkCore.Relational": "8.0.11",
          "Npgsql": "8.0.6"
        }
      },
      "Pomelo.EntityFrameworkCore.MySql": {
        "type": "Transitive",
        "resolved": "8.0.3",
        "contentHash": "gOHP6v/nFp5V/FgHqv9mZocGqCLGofihEX9dTbLhiXX3H7SJHmGX70GIPUpiqLT+1jIfDxg1PZh9MTUKuk7Kig==",
        "dependencies": {
          "Microsoft.EntityFrameworkCore.Relational": "[8.0.13, 8.0.999]",
          "MySqlConnector": "2.3.5"
        }
      },
      "SQLitePCLRaw.bundle_e_sqlite3": {
        "type": "Transitive",
        "resolved": "2.1.6",
        "contentHash": "BmAf6XWt4TqtowmiWe4/5rRot6GerAeklmOPfviOvwLoF5WwgxcJHAxZtySuyW9r9w+HLILnm8VfJFLCUJYW8A==",
        "dependencies": {
          "SQLitePCLRaw.lib.e_sqlite3": "2.1.6",
          "SQLitePCLRaw.provider.e_sqlite3": "2.1.6"
        }
      },
      "SQLitePCLRaw.core": {
        "type": "Transitive",
        "resolved": "2.1.6",
        "contentHash": "wO6v9GeMx9CUngAet8hbO7xdm+M42p1XeJq47ogyRoYSvNSp0NGLI+MgC0bhrMk9C17MTVFlLiN6ylyExLCc5w=="
      },
      "SQLitePCLRaw.lib.e_sqlite3": {
        "type": "Transitive",
        "resolved": "2.1.12",
        "contentHash": "fWi8Dbknuhgg72fWinIdjXVaqO1hHL4YBBwVLnr7e1c9TAZwJ0QE38j9syW1hwx6HaqEVTwI+O07WPdZn8Rp0w=="
      },
      "SQLitePCLRaw.provider.e_sqlite3": {
        "type": "Transitive",
        "resolved": "2.1.6",
        "contentHash": "PQ2Oq3yepLY4P7ll145P3xtx2bX8xF4PzaKPRpw9jZlKvfe4LE/saAV82inND9usn1XRpmxXk7Lal3MTI+6CNg==",
        "dependencies": {
          "SQLitePCLRaw.core": "2.1.6"
        }
      },
      "vipi.application": {
        "type": "Project",
        "dependencies": {
          "Vipi.AuroraBridge.Contracts": "[1.0.0, )",
          "Vipi.Domain": "[1.0.0, )"
        }
      },
      "vipi.aurorabridge.contracts": {
        "type": "Project"
      },
      "vipi.domain": {
        "type": "Project"
      },
      "vipi.infrastructure": {
        "type": "Project",
        "dependencies": {
          "Microsoft.EntityFrameworkCore.Sqlite": "[8.0.*, )",
          "Npgsql.EntityFrameworkCore.PostgreSQL": "[8.0.*, )",
          "Pomelo.EntityFrameworkCore.MySql": "[8.0.3, )",
          "SQLitePCLRaw.lib.e_sqlite3": "[2.1.12, )",
          "Vipi.Application": "[1.0.0, )",
          "Vipi.Domain": "[1.0.0, )"
        }
      },
      "vipi.ui": {
        "type": "Project",
        "dependencies": {
          "Vipi.Application": "[1.0.0, )",
          "Vipi.Domain": "[1.0.0, )"
        }
      }
    }
  }
}