<Solution>
  <Folder Name="/src/">
    <Project Path="src/Vipi.Application/Vipi.Application.csproj" />
    <Project Path="src/Vipi.AuroraProfiles/Vipi.AuroraProfiles.csproj" />
    <Project Path="src/Vipi.AuroraBridge/Vipi.AuroraBridge.csproj" />
    <Project Path="src/Vipi.AuroraBridge.Contracts/Vipi.AuroraBridge.Contracts.csproj" />
    <Project Path="src/Vipi.AuroraBridge.Core/Vipi.AuroraBridge.Core.csproj" />
    <Project Path="src/Vipi.Domain/Vipi.Domain.csproj" />
    <Project Path="src/Vipi.Host/Vipi.Host.csproj" />
    <Project Path="src/Vipi.Hosting/Vipi.Hosting.csproj" />
    <Project Path="src/Vipi.Infrastructure/Vipi.Infrastructure.csproj" />
    <Project Path="src/Vipi.Infrastructure.MySqlMigrations/Vipi.Infrastructure.MySqlMigrations.csproj" />
    <Project Path="src/Vipi.Ui/Vipi.Ui.csproj" />
  </Folder>
  <Folder Name="/tools/">
    <Project Path="tools/Vipi.AgreementsToSections/Vipi.AgreementsToSections.csproj" />
    <!-- Sta nella soluzione, a differenza degli altri attrezzi, perché non è uno strumento da lanciare a
         mano una volta: è un passo del PUBLISH. Se smette di compilare, il pacchetto non si costruisce
         più — e questo dev'essere la CI a dirlo, non chi sta preparando una consegna. -->
    <Project Path="tools/Vipi.Assets/Vipi.Assets.csproj" />
  </Folder>
  <Folder Name="/tests/">
    <Project Path="tests/Vipi.Application.Tests/Vipi.Application.Tests.csproj" />
    <Project Path="tests/Vipi.Assets.Tests/Vipi.Assets.Tests.csproj" />
    <Project Path="tests/Vipi.AuroraBridge.Tests/Vipi.AuroraBridge.Tests.csproj" />
    <Project Path="tests/Vipi.AuroraProfiles.Tests/Vipi.AuroraProfiles.Tests.csproj" />
    <Project Path="tests/Vipi.Domain.Tests/Vipi.Domain.Tests.csproj" />
    <Project Path="tests/Vipi.E2E.Tests/Vipi.E2E.Tests.csproj" />
    <Project Path="tests/Vipi.Hosting.Tests/Vipi.Hosting.Tests.csproj" />
    <Project Path="tests/Vipi.Infrastructure.Tests/Vipi.Infrastructure.Tests.csproj" />
    <Project Path="tests/Vipi.Ui.Tests/Vipi.Ui.Tests.csproj" />
  </Folder>
</Solution>
