<Solution>
  <Folder Name="/src/">
    <Project Path="src/Vipi.Application/Vipi.Application.csproj" />
    <Project Path="src/Vipi.Domain/Vipi.Domain.csproj" />
    <Project Path="src/Vipi.Host/Vipi.Host.csproj" />
    <Project Path="src/Vipi.Hosting/Vipi.Hosting.csproj" />
    <Project Path="src/Vipi.Infrastructure/Vipi.Infrastructure.csproj" />
    <Project Path="src/Vipi.Ui/Vipi.Ui.csproj" />
  </Folder>
  <Folder Name="/tests/">
    <Project Path="tests/Vipi.Application.Tests/Vipi.Application.Tests.csproj" />
    <Project Path="tests/Vipi.Domain.Tests/Vipi.Domain.Tests.csproj" />
    <Project Path="tests/Vipi.Infrastructure.Tests/Vipi.Infrastructure.Tests.csproj" />
  </Folder>
</Solution>
