{
  "version": 1,
  "dependencies": {
    "net10.0": {
      "Microsoft.Extensions.DependencyInjection.Abstractions": {
        "type": "Direct",
        "requested": "[10.0.*, )",
        "resolved": "10.0.11",
        "contentHash": "/a1aJz4m7ylhEDf25ugQChLQoN5XwoGjWw/BoR/ZWWKsO1v4DdJElS1uyngahz4B/eOzjFk1KNTkarRLE5wsIg=="
      },
      "Microsoft.Extensions.Options": {
        "type": "Direct",
        "requested": "[10.0.*, )",
        "resolved": "10.0.11",
        "contentHash": "eY1GAKcTfD2maP27J84X9IovT3yjHJ2dVDzPmDg6/XqYvt3jMzJhtfQCLjG9pVsZGAd+8DQ2QrjaDcs2+VQLGw==",
        "dependencies": {
          "Microsoft.Extensions.DependencyInjection.Abstractions": "10.0.11",
          "Microsoft.Extensions.Primitives": "10.0.11"
        }
      },
      "Microsoft.Extensions.Primitives": {
        "type": "Transitive",
        "resolved": "10.0.11",
        "contentHash": "SXcz+kF+4Oo9b1+55zntpJFYfwb1jw66ioxptyNOOTDc8g2FHnBFWjZpsWfCvZIhzr0x+4e2trVTs4OKwQfBtw=="
      },
      "vipi.aurorabridge.contracts": {
        "type": "Project"
      },
      "vipi.domain": {
        "type": "Project"
      }
    },
    "net10.0/linux-x64": {},
    "net10.0/win-x64": {},
    "net8.0": {
      "Microsoft.Extensions.DependencyInjection.Abstractions": {
        "type": "Direct",
        "requested": "[8.0.*, )",
        "resolved": "8.0.2",
        "contentHash": "3iE7UF7MQkCv1cxzCahz+Y/guQbTqieyxyaWKhrRO91itI9cOKO76OHeQDahqG4MmW5umr3CcCvGmK92lWNlbg=="
      },
      "Microsoft.Extensions.Options": {
        "type": "Direct",
        "requested": "[8.0.*, )",
        "resolved": "8.0.2",
        "contentHash": "dWGKvhFybsaZpGmzkGCbNNwBD1rVlWzrZKANLW/CcbFJpCEceMCGzT7zZwHOGBCbwM0SzBuceMj5HN1LKV1QqA==",
        "dependencies": {
          "Microsoft.Extensions.DependencyInjection.Abstractions": "8.0.0",
          "Microsoft.Extensions.Primitives": "8.0.0"
        }
      },
      "Microsoft.Extensions.Primitives": {
        "type": "Transitive",
        "resolved": "8.0.0",
        "contentHash": "bXJEZrW9ny8vjMF1JV253WeLhpEVzFo1lyaZu1vQ4ZxWUlVvknZ/+ftFgVheLubb4eZPSwwxBeqS1JkCOjxd8g=="
      },
      "vipi.aurorabridge.contracts": {
        "type": "Project"
      },
      "vipi.domain": {
        "type": "Project"
      }
    },
    "net8.0/linux-x64": {},
    "net8.0/win-x64": {}
  }
}